
Microsoft Visual Studio Solution File, Format Version 12.00
# Visual Studio Version 16
VisualStudioVersion = 16.0.30717.126
MinimumVisualStudioVersion = 10.0.40219.1
Project("{FAE04EC0-301F-11D3-BF4B-00C04F79EFBC}") = "ModiAlgoritmasi", "ModiAlgoritmasi\ModiAlgoritmasi.csproj", "{9C14796C-4D07-490D-B115-894FDD1D1FA0}"
EndProject
Global
	GlobalSection(SolutionConfigurationPlatforms) = preSolution
		Debug|Any CPU = Debug|Any CPU
		Release|Any CPU = Release|Any CPU
	EndGlobalSection
	GlobalSection(ProjectConfigurationPlatforms) = postSolution
		{9C14796C-4D07-490D-B115-894FDD1D1FA0}.Debug|Any CPU.ActiveCfg = Debug|Any CPU
		{9C14796C-4D07-490D-B115-894FDD1D1FA0}.Debug|Any CPU.Build.0 = Debug|Any CPU
		{9C14796C-4D07-490D-B115-894FDD1D1FA0}.Release|Any CPU.ActiveCfg = Release|Any CPU
		{9C14796C-4D07-490D-B115-894FDD1D1FA0}.Release|Any CPU.Build.0 = Release|Any CPU
	EndGlobalSection
	GlobalSection(SolutionProperties) = preSolution
		HideSolutionNode = FALSE
	EndGlobalSection
	GlobalSection(ExtensibilityGlobals) = postSolution
		SolutionGuid = {7C3DF14F-C962-45D6-B9F4-8684B9CC6E63}
	EndGlobalSection
EndGlobal
